
Microsoft Visual Studio Solution File, Format Version 12.00
# Visual Studio 15
VisualStudioVersion = 15.0.27428.1
MinimumVisualStudioVersion = 10.0.40219.1
Project("{FAE04EC0-301F-11D3-BF4B-00C04F79EFBC}") = "ImageService", "ImageService\ImageService.csproj", "{44FA4E07-449A-44EF-96DB-A231748D3BD2}"
EndProject
Project("{FAE04EC0-301F-11D3-BF4B-00C04F79EFBC}") = "ServiceGUI", "ServiceGUI\ServiceGUI.csproj", "{464BBFFF-DFF6-4EAB-A7B5-85F9476E40D0}"
EndProject
Project("{9A19103F-16F7-4668-BE54-9A1E7A4F7556}") = "SharedInfo", "SharedInfo\SharedInfo.csproj", "{1D4EDF2C-4BDA-4113-9672-884272297123}"
EndProject
Project("{FAE04EC0-301F-11D3-BF4B-00C04F79EFBC}") = "ServiceWeb", "ServiceWeb\ServiceWeb.csproj", "{19C6FDC7-4725-49EA-A131-70B0C2A2B71B}"
EndProject
Global
	GlobalSection(SolutionConfigurationPlatforms) = preSolution
		Debug|Any CPU = Debug|Any CPU
		Release|Any CPU = Release|Any CPU
	EndGlobalSection
	GlobalSection(ProjectConfigurationPlatforms) = postSolution
		{44FA4E07-449A-44EF-96DB-A231748D3BD2}.Debug|Any CPU.ActiveCfg = Debug|Any CPU
		{44FA4E07-449A-44EF-96DB-A231748D3BD2}.Debug|Any CPU.Build.0 = Debug|Any CPU
		{44FA4E07-449A-44EF-96DB-A231748D3BD2}.Release|Any CPU.ActiveCfg = Release|Any CPU
		{44FA4E07-449A-44EF-96DB-A231748D3BD2}.Release|Any CPU.Build.0 = Release|Any CPU
		{464BBFFF-DFF6-4EAB-A7B5-85F9476E40D0}.Debug|Any CPU.ActiveCfg = Debug|Any CPU
		{464BBFFF-DFF6-4EAB-A7B5-85F9476E40D0}.Debug|Any CPU.Build.0 = Debug|Any CPU
		{464BBFFF-DFF6-4EAB-A7B5-85F9476E40D0}.Release|Any CPU.ActiveCfg = Release|Any CPU
		{464BBFFF-DFF6-4EAB-A7B5-85F9476E40D0}.Release|Any CPU.Build.0 = Release|Any CPU
		{1D4EDF2C-4BDA-4113-9672-884272297123}.Debug|Any CPU.ActiveCfg = Debug|Any CPU
		{1D4EDF2C-4BDA-4113-9672-884272297123}.Debug|Any CPU.Build.0 = Debug|Any CPU
		{1D4EDF2C-4BDA-4113-9672-884272297123}.Release|Any CPU.ActiveCfg = Release|Any CPU
		{1D4EDF2C-4BDA-4113-9672-884272297123}.Release|Any CPU.Build.0 = Release|Any CPU
		{19C6FDC7-4725-49EA-A131-70B0C2A2B71B}.Debug|Any CPU.ActiveCfg = Debug|Any CPU
		{19C6FDC7-4725-49EA-A131-70B0C2A2B71B}.Debug|Any CPU.Build.0 = Debug|Any CPU
		{19C6FDC7-4725-49EA-A131-70B0C2A2B71B}.Release|Any CPU.ActiveCfg = Release|Any CPU
		{19C6FDC7-4725-49EA-A131-70B0C2A2B71B}.Release|Any CPU.Build.0 = Release|Any CPU
	EndGlobalSection
	GlobalSection(SolutionProperties) = preSolution
		HideSolutionNode = FALSE
	EndGlobalSection
	GlobalSection(ExtensibilityGlobals) = postSolution
		SolutionGuid = {DA0C15C9-AA39-4366-AF2F-28890EBE0620}
	EndGlobalSection
EndGlobal
